
Microsoft Visual Studio Solution File, Format Version 12.00
# Visual Studio Version 17
VisualStudioVersion = 17.3.32929.385
MinimumVisualStudioVersion = 10.0.40219.1
Project("{FAE04EC0-301F-11D3-BF4B-00C04F79EFBC}") = "Assignment5.1", "Assignment5.1.csproj", "{809475F6-004C-49EF-AAED-DE8CC000B871}"
EndProject
Global
	GlobalSection(SolutionConfigurationPlatforms) = preSolution
		Debug|Any CPU = Debug|Any CPU
		Release|Any CPU = Release|Any CPU
	EndGlobalSection
	GlobalSection(ProjectConfigurationPlatforms) = postSolution
		{809475F6-004C-49EF-AAED-DE8CC000B871}.Debug|Any CPU.ActiveCfg = Debug|Any CPU
		{809475F6-004C-49EF-AAED-DE8CC000B871}.Debug|Any CPU.Build.0 = Debug|Any CPU
		{809475F6-004C-49EF-AAED-DE8CC000B871}.Release|Any CPU.ActiveCfg = Release|Any CPU
		{809475F6-004C-49EF-AAED-DE8CC000B871}.Release|Any CPU.Build.0 = Release|Any CPU
	EndGlobalSection
	GlobalSection(SolutionProperties) = preSolution
		HideSolutionNode = FALSE
	EndGlobalSection
	GlobalSection(ExtensibilityGlobals) = postSolution
		SolutionGuid = {B5C3BA08-7A71-4141-AECA-B5173D975307}
	EndGlobalSection
EndGlobal
