
Microsoft Visual Studio Solution File, Format Version 12.00
# Visual Studio Version 17
VisualStudioVersion = 17.3.32929.385
MinimumVisualStudioVersion = 10.0.40219.1
Project("{FAE04EC0-301F-11D3-BF4B-00C04F79EFBC}") = "Assignment10.4", "Assignment10.4.csproj", "{D066DD36-11EB-4BD1-8CA2-2A47587ADA09}"
EndProject
Global
	GlobalSection(SolutionConfigurationPlatforms) = preSolution
		Debug|Any CPU = Debug|Any CPU
		Release|Any CPU = Release|Any CPU
	EndGlobalSection
	GlobalSection(ProjectConfigurationPlatforms) = postSolution
		{D066DD36-11EB-4BD1-8CA2-2A47587ADA09}.Debug|Any CPU.ActiveCfg = Debug|Any CPU
		{D066DD36-11EB-4BD1-8CA2-2A47587ADA09}.Debug|Any CPU.Build.0 = Debug|Any CPU
		{D066DD36-11EB-4BD1-8CA2-2A47587ADA09}.Release|Any CPU.ActiveCfg = Release|Any CPU
		{D066DD36-11EB-4BD1-8CA2-2A47587ADA09}.Release|Any CPU.Build.0 = Release|Any CPU
	EndGlobalSection
	GlobalSection(SolutionProperties) = preSolution
		HideSolutionNode = FALSE
	EndGlobalSection
	GlobalSection(ExtensibilityGlobals) = postSolution
		SolutionGuid = {E18F6242-B50F-4CCC-8624-08C21A60D72E}
	EndGlobalSection
EndGlobal
