
Microsoft Visual Studio Solution File, Format Version 12.00
# Visual Studio Version 17
VisualStudioVersion = 17.3.32922.545
MinimumVisualStudioVersion = 10.0.40219.1
Project("{FAE04EC0-301F-11D3-BF4B-00C04F79EFBC}") = "Assignment1.2", "Assignment1.2.csproj", "{3E8222AA-C4D1-45FA-A9D4-E1299B213AFA}"
EndProject
Global
	GlobalSection(SolutionConfigurationPlatforms) = preSolution
		Debug|Any CPU = Debug|Any CPU
		Release|Any CPU = Release|Any CPU
	EndGlobalSection
	GlobalSection(ProjectConfigurationPlatforms) = postSolution
		{3E8222AA-C4D1-45FA-A9D4-E1299B213AFA}.Debug|Any CPU.ActiveCfg = Debug|Any CPU
		{3E8222AA-C4D1-45FA-A9D4-E1299B213AFA}.Debug|Any CPU.Build.0 = Debug|Any CPU
		{3E8222AA-C4D1-45FA-A9D4-E1299B213AFA}.Release|Any CPU.ActiveCfg = Release|Any CPU
		{3E8222AA-C4D1-45FA-A9D4-E1299B213AFA}.Release|Any CPU.Build.0 = Release|Any CPU
	EndGlobalSection
	GlobalSection(SolutionProperties) = preSolution
		HideSolutionNode = FALSE
	EndGlobalSection
	GlobalSection(ExtensibilityGlobals) = postSolution
		SolutionGuid = {BADA638C-B443-4A6B-81F4-A19C7D2E2462}
	EndGlobalSection
EndGlobal
