
Microsoft Visual Studio Solution File, Format Version 12.00
# Visual Studio Version 17
VisualStudioVersion = 17.4.33205.214
MinimumVisualStudioVersion = 10.0.40219.1
Project("{FAE04EC0-301F-11D3-BF4B-00C04F79EFBC}") = "WebAPIDemoMod13", "WebAPIDemoMod13.csproj", "{EB0CEB16-3134-4926-94DB-50D06C4202F3}"
EndProject
Project("{FAE04EC0-301F-11D3-BF4B-00C04F79EFBC}") = "WebClient", "..\WebClient\WebClient.csproj", "{27DEFE61-1FA5-4F8D-AB04-F36FEFD0784D}"
EndProject
Global
	GlobalSection(SolutionConfigurationPlatforms) = preSolution
		Debug|Any CPU = Debug|Any CPU
		Release|Any CPU = Release|Any CPU
	EndGlobalSection
	GlobalSection(ProjectConfigurationPlatforms) = postSolution
		{EB0CEB16-3134-4926-94DB-50D06C4202F3}.Debug|Any CPU.ActiveCfg = Debug|Any CPU
		{EB0CEB16-3134-4926-94DB-50D06C4202F3}.Debug|Any CPU.Build.0 = Debug|Any CPU
		{EB0CEB16-3134-4926-94DB-50D06C4202F3}.Release|Any CPU.ActiveCfg = Release|Any CPU
		{EB0CEB16-3134-4926-94DB-50D06C4202F3}.Release|Any CPU.Build.0 = Release|Any CPU
		{27DEFE61-1FA5-4F8D-AB04-F36FEFD0784D}.Debug|Any CPU.ActiveCfg = Debug|Any CPU
		{27DEFE61-1FA5-4F8D-AB04-F36FEFD0784D}.Debug|Any CPU.Build.0 = Debug|Any CPU
		{27DEFE61-1FA5-4F8D-AB04-F36FEFD0784D}.Release|Any CPU.ActiveCfg = Release|Any CPU
		{27DEFE61-1FA5-4F8D-AB04-F36FEFD0784D}.Release|Any CPU.Build.0 = Release|Any CPU
	EndGlobalSection
	GlobalSection(SolutionProperties) = preSolution
		HideSolutionNode = FALSE
	EndGlobalSection
	GlobalSection(ExtensibilityGlobals) = postSolution
		SolutionGuid = {BE8F6030-CCD1-4413-8EE5-CC4DD59FC9D7}
	EndGlobalSection
EndGlobal
