
Microsoft Visual Studio Solution File, Format Version 12.00
# Visual Studio Version 17
VisualStudioVersion = 17.3.32929.385
MinimumVisualStudioVersion = 10.0.40219.1
Project("{FAE04EC0-301F-11D3-BF4B-00C04F79EFBC}") = "Mod8Demo", "Mod8Demo.csproj", "{C7A9A530-31A2-4660-A719-69452F2FECD1}"
EndProject
Global
	GlobalSection(SolutionConfigurationPlatforms) = preSolution
		Debug|Any CPU = Debug|Any CPU
		Release|Any CPU = Release|Any CPU
	EndGlobalSection
	GlobalSection(ProjectConfigurationPlatforms) = postSolution
		{C7A9A530-31A2-4660-A719-69452F2FECD1}.Debug|Any CPU.ActiveCfg = Debug|Any CPU
		{C7A9A530-31A2-4660-A719-69452F2FECD1}.Debug|Any CPU.Build.0 = Debug|Any CPU
		{C7A9A530-31A2-4660-A719-69452F2FECD1}.Release|Any CPU.ActiveCfg = Release|Any CPU
		{C7A9A530-31A2-4660-A719-69452F2FECD1}.Release|Any CPU.Build.0 = Release|Any CPU
	EndGlobalSection
	GlobalSection(SolutionProperties) = preSolution
		HideSolutionNode = FALSE
	EndGlobalSection
	GlobalSection(ExtensibilityGlobals) = postSolution
		SolutionGuid = {BCF527DC-61DF-4CA9-98BF-94EA8763711E}
	EndGlobalSection
EndGlobal
