
Microsoft Visual Studio Solution File, Format Version 12.00
# Visual Studio Version 17
VisualStudioVersion = 17.3.32901.215
MinimumVisualStudioVersion = 10.0.40219.1
Project("{FAE04EC0-301F-11D3-BF4B-00C04F79EFBC}") = "Mod14WebWorker", "Mod14WebWorker.csproj", "{B076CFC7-78B0-4949-9933-AC39B6836446}"
EndProject
Global
	GlobalSection(SolutionConfigurationPlatforms) = preSolution
		Debug|Any CPU = Debug|Any CPU
		Release|Any CPU = Release|Any CPU
	EndGlobalSection
	GlobalSection(ProjectConfigurationPlatforms) = postSolution
		{B076CFC7-78B0-4949-9933-AC39B6836446}.Debug|Any CPU.ActiveCfg = Debug|Any CPU
		{B076CFC7-78B0-4949-9933-AC39B6836446}.Debug|Any CPU.Build.0 = Debug|Any CPU
		{B076CFC7-78B0-4949-9933-AC39B6836446}.Release|Any CPU.ActiveCfg = Release|Any CPU
		{B076CFC7-78B0-4949-9933-AC39B6836446}.Release|Any CPU.Build.0 = Release|Any CPU
	EndGlobalSection
	GlobalSection(SolutionProperties) = preSolution
		HideSolutionNode = FALSE
	EndGlobalSection
	GlobalSection(ExtensibilityGlobals) = postSolution
		SolutionGuid = {18D4707E-3375-4E88-80B3-1293B410A89D}
	EndGlobalSection
EndGlobal
