
Microsoft Visual Studio Solution File, Format Version 12.00
# Visual Studio Version 17
VisualStudioVersion = 17.3.32929.385
MinimumVisualStudioVersion = 10.0.40219.1
Project("{FAE04EC0-301F-11D3-BF4B-00C04F79EFBC}") = "Mod4Demo", "Mod4Demo.csproj", "{DA9F9BF4-EF25-4381-9E13-E2126FE6DC32}"
EndProject
Global
	GlobalSection(SolutionConfigurationPlatforms) = preSolution
		Debug|Any CPU = Debug|Any CPU
		Release|Any CPU = Release|Any CPU
	EndGlobalSection
	GlobalSection(ProjectConfigurationPlatforms) = postSolution
		{DA9F9BF4-EF25-4381-9E13-E2126FE6DC32}.Debug|Any CPU.ActiveCfg = Debug|Any CPU
		{DA9F9BF4-EF25-4381-9E13-E2126FE6DC32}.Debug|Any CPU.Build.0 = Debug|Any CPU
		{DA9F9BF4-EF25-4381-9E13-E2126FE6DC32}.Release|Any CPU.ActiveCfg = Release|Any CPU
		{DA9F9BF4-EF25-4381-9E13-E2126FE6DC32}.Release|Any CPU.Build.0 = Release|Any CPU
	EndGlobalSection
	GlobalSection(SolutionProperties) = preSolution
		HideSolutionNode = FALSE
	EndGlobalSection
	GlobalSection(ExtensibilityGlobals) = postSolution
		SolutionGuid = {4E419054-3B9E-484B-8FC2-16FE7A89E07D}
	EndGlobalSection
EndGlobal
