
Microsoft Visual Studio Solution File, Format Version 12.00
# Visual Studio Version 17
VisualStudioVersion = 17.3.32929.385
MinimumVisualStudioVersion = 10.0.40219.1
Project("{FAE04EC0-301F-11D3-BF4B-00C04F79EFBC}") = "ProductManagementSystem", "ProductManagementSystem.csproj", "{C41E82BE-1714-444C-89A7-950D35878BB7}"
EndProject
Global
	GlobalSection(SolutionConfigurationPlatforms) = preSolution
		Debug|Any CPU = Debug|Any CPU
		Release|Any CPU = Release|Any CPU
	EndGlobalSection
	GlobalSection(ProjectConfigurationPlatforms) = postSolution
		{C41E82BE-1714-444C-89A7-950D35878BB7}.Debug|Any CPU.ActiveCfg = Debug|Any CPU
		{C41E82BE-1714-444C-89A7-950D35878BB7}.Debug|Any CPU.Build.0 = Debug|Any CPU
		{C41E82BE-1714-444C-89A7-950D35878BB7}.Release|Any CPU.ActiveCfg = Release|Any CPU
		{C41E82BE-1714-444C-89A7-950D35878BB7}.Release|Any CPU.Build.0 = Release|Any CPU
	EndGlobalSection
	GlobalSection(SolutionProperties) = preSolution
		HideSolutionNode = FALSE
	EndGlobalSection
	GlobalSection(ExtensibilityGlobals) = postSolution
		SolutionGuid = {E18A4D8A-CB21-4021-A727-E9D8F5383CE8}
	EndGlobalSection
EndGlobal
