
Microsoft Visual Studio Solution File, Format Version 12.00
# Visual Studio Version 17
VisualStudioVersion = 17.3.32929.385
MinimumVisualStudioVersion = 10.0.40219.1
Project("{FAE04EC0-301F-11D3-BF4B-00C04F79EFBC}") = "WindowsFormsApp1", "WindowsFormsApp1.csproj", "{D14BFAE2-18B7-4355-9B1F-0394D63D97D9}"
EndProject
Global
	GlobalSection(SolutionConfigurationPlatforms) = preSolution
		Debug|Any CPU = Debug|Any CPU
		Release|Any CPU = Release|Any CPU
	EndGlobalSection
	GlobalSection(ProjectConfigurationPlatforms) = postSolution
		{D14BFAE2-18B7-4355-9B1F-0394D63D97D9}.Debug|Any CPU.ActiveCfg = Debug|Any CPU
		{D14BFAE2-18B7-4355-9B1F-0394D63D97D9}.Debug|Any CPU.Build.0 = Debug|Any CPU
		{D14BFAE2-18B7-4355-9B1F-0394D63D97D9}.Release|Any CPU.ActiveCfg = Release|Any CPU
		{D14BFAE2-18B7-4355-9B1F-0394D63D97D9}.Release|Any CPU.Build.0 = Release|Any CPU
	EndGlobalSection
	GlobalSection(SolutionProperties) = preSolution
		HideSolutionNode = FALSE
	EndGlobalSection
	GlobalSection(ExtensibilityGlobals) = postSolution
		SolutionGuid = {8403D994-4654-41E8-A9AA-6FFF17666D57}
	EndGlobalSection
EndGlobal
