
Microsoft Visual Studio Solution File, Format Version 12.00
# Visual Studio Version 17
VisualStudioVersion = 17.3.32922.545
MinimumVisualStudioVersion = 10.0.40219.1
Project("{FAE04EC0-301F-11D3-BF4B-00C04F79EFBC}") = "Assignment2.1", "Assignment2.1.csproj", "{05124CD9-92E7-463D-AB6D-35E4865CDF53}"
EndProject
Global
	GlobalSection(SolutionConfigurationPlatforms) = preSolution
		Debug|Any CPU = Debug|Any CPU
		Release|Any CPU = Release|Any CPU
	EndGlobalSection
	GlobalSection(ProjectConfigurationPlatforms) = postSolution
		{05124CD9-92E7-463D-AB6D-35E4865CDF53}.Debug|Any CPU.ActiveCfg = Debug|Any CPU
		{05124CD9-92E7-463D-AB6D-35E4865CDF53}.Debug|Any CPU.Build.0 = Debug|Any CPU
		{05124CD9-92E7-463D-AB6D-35E4865CDF53}.Release|Any CPU.ActiveCfg = Release|Any CPU
		{05124CD9-92E7-463D-AB6D-35E4865CDF53}.Release|Any CPU.Build.0 = Release|Any CPU
	EndGlobalSection
	GlobalSection(SolutionProperties) = preSolution
		HideSolutionNode = FALSE
	EndGlobalSection
	GlobalSection(ExtensibilityGlobals) = postSolution
		SolutionGuid = {71323A8E-4E51-40AB-BCA4-88E5E331C17F}
	EndGlobalSection
EndGlobal
