
Microsoft Visual Studio Solution File, Format Version 12.00
# Visual Studio Version 17
VisualStudioVersion = 17.3.32929.385
MinimumVisualStudioVersion = 10.0.40219.1
Project("{FAE04EC0-301F-11D3-BF4B-00C04F79EFBC}") = "Mod3Demo", "Mod3Demo.csproj", "{6AB41C0F-E00B-4EB3-A3A9-FE583B381EBD}"
EndProject
Global
	GlobalSection(SolutionConfigurationPlatforms) = preSolution
		Debug|Any CPU = Debug|Any CPU
		Release|Any CPU = Release|Any CPU
	EndGlobalSection
	GlobalSection(ProjectConfigurationPlatforms) = postSolution
		{6AB41C0F-E00B-4EB3-A3A9-FE583B381EBD}.Debug|Any CPU.ActiveCfg = Debug|Any CPU
		{6AB41C0F-E00B-4EB3-A3A9-FE583B381EBD}.Debug|Any CPU.Build.0 = Debug|Any CPU
		{6AB41C0F-E00B-4EB3-A3A9-FE583B381EBD}.Release|Any CPU.ActiveCfg = Release|Any CPU
		{6AB41C0F-E00B-4EB3-A3A9-FE583B381EBD}.Release|Any CPU.Build.0 = Release|Any CPU
	EndGlobalSection
	GlobalSection(SolutionProperties) = preSolution
		HideSolutionNode = FALSE
	EndGlobalSection
	GlobalSection(ExtensibilityGlobals) = postSolution
		SolutionGuid = {7A30CC27-52D9-44C7-BC41-B735B31BF955}
	EndGlobalSection
EndGlobal
