
Microsoft Visual Studio Solution File, Format Version 12.00
# Visual Studio Version 17
VisualStudioVersion = 17.3.32901.215
MinimumVisualStudioVersion = 10.0.40219.1
Project("{9A19103F-16F7-4668-BE54-9A1E7A4F7556}") = "Mod10DemoTesting", "Mod10DemoTesting.csproj", "{9B2CA93B-4A1F-49ED-9137-71B697314C6E}"
EndProject
Project("{9A19103F-16F7-4668-BE54-9A1E7A4F7556}") = "TestProject2", "..\TestProject2\TestProject2.csproj", "{178C519B-F8C7-41A0-B05A-090D3912A7FE}"
EndProject
Global
	GlobalSection(SolutionConfigurationPlatforms) = preSolution
		Debug|Any CPU = Debug|Any CPU
		Release|Any CPU = Release|Any CPU
	EndGlobalSection
	GlobalSection(ProjectConfigurationPlatforms) = postSolution
		{9B2CA93B-4A1F-49ED-9137-71B697314C6E}.Debug|Any CPU.ActiveCfg = Debug|Any CPU
		{9B2CA93B-4A1F-49ED-9137-71B697314C6E}.Debug|Any CPU.Build.0 = Debug|Any CPU
		{9B2CA93B-4A1F-49ED-9137-71B697314C6E}.Release|Any CPU.ActiveCfg = Release|Any CPU
		{9B2CA93B-4A1F-49ED-9137-71B697314C6E}.Release|Any CPU.Build.0 = Release|Any CPU
		{178C519B-F8C7-41A0-B05A-090D3912A7FE}.Debug|Any CPU.ActiveCfg = Debug|Any CPU
		{178C519B-F8C7-41A0-B05A-090D3912A7FE}.Debug|Any CPU.Build.0 = Debug|Any CPU
		{178C519B-F8C7-41A0-B05A-090D3912A7FE}.Release|Any CPU.ActiveCfg = Release|Any CPU
		{178C519B-F8C7-41A0-B05A-090D3912A7FE}.Release|Any CPU.Build.0 = Release|Any CPU
	EndGlobalSection
	GlobalSection(SolutionProperties) = preSolution
		HideSolutionNode = FALSE
	EndGlobalSection
	GlobalSection(ExtensibilityGlobals) = postSolution
		SolutionGuid = {B748532E-CDA7-4175-A498-70435FD49564}
	EndGlobalSection
EndGlobal
