
Microsoft Visual Studio Solution File, Format Version 12.00
# Visual Studio Version 17
VisualStudioVersion = 17.3.32929.385
MinimumVisualStudioVersion = 10.0.40219.1
Project("{FAE04EC0-301F-11D3-BF4B-00C04F79EFBC}") = "Assignment4.1", "Assignment4.1.csproj", "{BF31CD1E-63C6-4415-8A17-B0D36E430C17}"
EndProject
Global
	GlobalSection(SolutionConfigurationPlatforms) = preSolution
		Debug|Any CPU = Debug|Any CPU
		Release|Any CPU = Release|Any CPU
	EndGlobalSection
	GlobalSection(ProjectConfigurationPlatforms) = postSolution
		{BF31CD1E-63C6-4415-8A17-B0D36E430C17}.Debug|Any CPU.ActiveCfg = Debug|Any CPU
		{BF31CD1E-63C6-4415-8A17-B0D36E430C17}.Debug|Any CPU.Build.0 = Debug|Any CPU
		{BF31CD1E-63C6-4415-8A17-B0D36E430C17}.Release|Any CPU.ActiveCfg = Release|Any CPU
		{BF31CD1E-63C6-4415-8A17-B0D36E430C17}.Release|Any CPU.Build.0 = Release|Any CPU
	EndGlobalSection
	GlobalSection(SolutionProperties) = preSolution
		HideSolutionNode = FALSE
	EndGlobalSection
	GlobalSection(ExtensibilityGlobals) = postSolution
		SolutionGuid = {B253FFD2-4454-420B-906E-3191151F04A3}
	EndGlobalSection
EndGlobal
