
Microsoft Visual Studio Solution File, Format Version 12.00
# Visual Studio Version 17
VisualStudioVersion = 17.3.32929.385
MinimumVisualStudioVersion = 10.0.40219.1
Project("{FAE04EC0-301F-11D3-BF4B-00C04F79EFBC}") = "LeetCode Practice", "LeetCode Practice.csproj", "{BDD3307F-D1AA-45B0-99E3-DD9F85D61653}"
EndProject
Global
	GlobalSection(SolutionConfigurationPlatforms) = preSolution
		Debug|Any CPU = Debug|Any CPU
		Release|Any CPU = Release|Any CPU
	EndGlobalSection
	GlobalSection(ProjectConfigurationPlatforms) = postSolution
		{BDD3307F-D1AA-45B0-99E3-DD9F85D61653}.Debug|Any CPU.ActiveCfg = Debug|Any CPU
		{BDD3307F-D1AA-45B0-99E3-DD9F85D61653}.Debug|Any CPU.Build.0 = Debug|Any CPU
		{BDD3307F-D1AA-45B0-99E3-DD9F85D61653}.Release|Any CPU.ActiveCfg = Release|Any CPU
		{BDD3307F-D1AA-45B0-99E3-DD9F85D61653}.Release|Any CPU.Build.0 = Release|Any CPU
	EndGlobalSection
	GlobalSection(SolutionProperties) = preSolution
		HideSolutionNode = FALSE
	EndGlobalSection
	GlobalSection(ExtensibilityGlobals) = postSolution
		SolutionGuid = {CEA2CF0E-D245-4176-99B6-DDC4DC9477E5}
	EndGlobalSection
EndGlobal
